
Microsoft Visual Studio Solution File, Format Version 12.00
# Visual Studio Version 17
VisualStudioVersion = 17.5.33516.290
MinimumVisualStudioVersion = 10.0.40219.1
Project("{9A19103F-16F7-4668-BE54-9A1E7A4F7556}") = "LocalFiler", "LocalFiler\LocalFiler.csproj", "{1558235C-8F42-4F7C-9F44-99E06DC9248A}"
EndProject
Project("{FAE04EC0-301F-11D3-BF4B-00C04F79EFBC}") = "LocalFiler.Api", "LocalFiler.Api\LocalFiler.Api.csproj", "{F6660525-1796-4E0F-8CE7-8AF2C22A0EE2}"
EndProject
Global
	GlobalSection(SolutionConfigurationPlatforms) = preSolution
		Debug|Any CPU = Debug|Any CPU
		Release|Any CPU = Release|Any CPU
	EndGlobalSection
	GlobalSection(ProjectConfigurationPlatforms) = postSolution
		{1558235C-8F42-4F7C-9F44-99E06DC9248A}.Debug|Any CPU.ActiveCfg = Debug|Any CPU
		{1558235C-8F42-4F7C-9F44-99E06DC9248A}.Debug|Any CPU.Build.0 = Debug|Any CPU
		{1558235C-8F42-4F7C-9F44-99E06DC9248A}.Release|Any CPU.ActiveCfg = Release|Any CPU
		{1558235C-8F42-4F7C-9F44-99E06DC9248A}.Release|Any CPU.Build.0 = Release|Any CPU
		{F6660525-1796-4E0F-8CE7-8AF2C22A0EE2}.Debug|Any CPU.ActiveCfg = Debug|Any CPU
		{F6660525-1796-4E0F-8CE7-8AF2C22A0EE2}.Debug|Any CPU.Build.0 = Debug|Any CPU
		{F6660525-1796-4E0F-8CE7-8AF2C22A0EE2}.Release|Any CPU.ActiveCfg = Release|Any CPU
		{F6660525-1796-4E0F-8CE7-8AF2C22A0EE2}.Release|Any CPU.Build.0 = Release|Any CPU
	EndGlobalSection
	GlobalSection(SolutionProperties) = preSolution
		HideSolutionNode = FALSE
	EndGlobalSection
	GlobalSection(ExtensibilityGlobals) = postSolution
		SolutionGuid = {4A1DC1E2-4691-45E3-9683-3DE2057BC5FA}
	EndGlobalSection
EndGlobal
